
Microsoft Visual Studio Solution File, Format Version 12.00
# Visual Studio Version 17
VisualStudioVersion = 17.2.32630.192
MinimumVisualStudioVersion = 10.0.40219.1
Project("{FAE04EC0-301F-11D3-BF4B-00C04F79EFBC}") = "IntranetServerTemplate.Core", "IntranetServerTemplate.Core\IntranetServerTemplate.Core.csproj", "{D559CCFF-6D99-491E-824C-07284C74B035}"
EndProject
Project("{FAE04EC0-301F-11D3-BF4B-00C04F79EFBC}") = "IntranetServerTemplate.Web", "IntranetServerTemplate.Web\IntranetServerTemplate.Web.csproj", "{52DBCC96-1CF6-4718-8ACC-931B4DE70C3E}"
EndProject
Global
	GlobalSection(SolutionConfigurationPlatforms) = preSolution
		Debug|Any CPU = Debug|Any CPU
		Release|Any CPU = Release|Any CPU
	EndGlobalSection
	GlobalSection(ProjectConfigurationPlatforms) = postSolution
		{D559CCFF-6D99-491E-824C-07284C74B035}.Debug|Any CPU.ActiveCfg = Debug|Any CPU
		{D559CCFF-6D99-491E-824C-07284C74B035}.Debug|Any CPU.Build.0 = Debug|Any CPU
		{D559CCFF-6D99-491E-824C-07284C74B035}.Release|Any CPU.ActiveCfg = Release|Any CPU
		{D559CCFF-6D99-491E-824C-07284C74B035}.Release|Any CPU.Build.0 = Release|Any CPU
		{52DBCC96-1CF6-4718-8ACC-931B4DE70C3E}.Debug|Any CPU.ActiveCfg = Debug|Any CPU
		{52DBCC96-1CF6-4718-8ACC-931B4DE70C3E}.Debug|Any CPU.Build.0 = Debug|Any CPU
		{52DBCC96-1CF6-4718-8ACC-931B4DE70C3E}.Release|Any CPU.ActiveCfg = Release|Any CPU
		{52DBCC96-1CF6-4718-8ACC-931B4DE70C3E}.Release|Any CPU.Build.0 = Release|Any CPU
	EndGlobalSection
	GlobalSection(SolutionProperties) = preSolution
		HideSolutionNode = FALSE
	EndGlobalSection
	GlobalSection(ExtensibilityGlobals) = postSolution
		SolutionGuid = {932A09DF-5F33-47D0-8659-D1D8E8C5A9B1}
	EndGlobalSection
EndGlobal
